
Microsoft Visual Studio Solution File, Format Version 12.00
# Visual Studio Version 17
VisualStudioVersion = 17.0.31912.275
MinimumVisualStudioVersion = 10.0.40219.1
Project("{FAE04EC0-301F-11D3-BF4B-00C04F79EFBC}") = "WA.BookStore.Site", "WA.BookStore.Site\WA.BookStore.Site.csproj", "{9B8F477D-F858-4098-91BF-DD682EAD5F1E}"
EndProject
Project("{2150E333-8FDC-42A3-9474-1A3956D46DE8}") = "Solution Items", "Solution Items", "{EC20D3BD-8CA8-4A6B-BF51-3E8F384D20DA}"
	ProjectSection(SolutionItems) = preProject
		ReadMe.txt = ReadMe.txt
	EndProjectSection
EndProject
Project("{FAE04EC0-301F-11D3-BF4B-00C04F79EFBC}") = "Helper", "Helper\Helper.csproj", "{4AFD04C1-3A87-474D-BCED-291F676E80CC}"
EndProject
Global
	GlobalSection(SolutionConfigurationPlatforms) = preSolution
		Debug|Any CPU = Debug|Any CPU
		Release|Any CPU = Release|Any CPU
	EndGlobalSection
	GlobalSection(ProjectConfigurationPlatforms) = postSolution
		{9B8F477D-F858-4098-91BF-DD682EAD5F1E}.Debug|Any CPU.ActiveCfg = Debug|Any CPU
		{9B8F477D-F858-4098-91BF-DD682EAD5F1E}.Debug|Any CPU.Build.0 = Debug|Any CPU
		{9B8F477D-F858-4098-91BF-DD682EAD5F1E}.Release|Any CPU.ActiveCfg = Release|Any CPU
		{9B8F477D-F858-4098-91BF-DD682EAD5F1E}.Release|Any CPU.Build.0 = Release|Any CPU
		{4AFD04C1-3A87-474D-BCED-291F676E80CC}.Debug|Any CPU.ActiveCfg = Debug|Any CPU
		{4AFD04C1-3A87-474D-BCED-291F676E80CC}.Debug|Any CPU.Build.0 = Debug|Any CPU
		{4AFD04C1-3A87-474D-BCED-291F676E80CC}.Release|Any CPU.ActiveCfg = Release|Any CPU
		{4AFD04C1-3A87-474D-BCED-291F676E80CC}.Release|Any CPU.Build.0 = Release|Any CPU
	EndGlobalSection
	GlobalSection(SolutionProperties) = preSolution
		HideSolutionNode = FALSE
	EndGlobalSection
	GlobalSection(ExtensibilityGlobals) = postSolution
		SolutionGuid = {BE50B615-4E5C-4A89-BF6D-9970DAB16673}
	EndGlobalSection
EndGlobal
